# Deployment-only dependencies; wheels are included and verified offline.
boto3==1.43.89 --hash=sha256:fe4190afe63eb562b6ba6a3911cf4427473b35fa047adde093bf696d3ae09fc0
botocore==1.43.89 --hash=sha256:d7211220c815427fe71225acc6909e4ab5dfab3b03770e72fd16cf9eb86b3d1a
jmespath==1.1.0 --hash=sha256:a5663118de4908c91729bea0acadca56526eb2698e83de10cd116ae0f4e97c64
python-dateutil==2.9.0.post0 --hash=sha256:a8b2bc7bffae282281c8140a97d3aa9c14da0b136dfe83f850eea9a5f7470427
rfc8785==0.1.4 --hash=sha256:520d690b448ecf0703691c76e1a34a24ddcd4fc5bc41d589cb7c58ec651bcd48
s3transfer==0.19.2 --hash=sha256:d8168eccca828cbb2cd573675333f3bddd254313a9c42494b84c76b539e8ba25
six==1.17.0 --hash=sha256:4721f391ed90541fddacab5acf947aa0d3dc7d27b2e1e8eda2be8970586c3274
urllib3==2.7.0 --hash=sha256:9fb4c81ebbb1ce9531cce37674bbc6f1360472bc18ca9a553ede278ef7276897
